
Microsoft Visual Studio Solution File, Format Version 12.00
# Visual Studio Version 16
VisualStudioVersion = 16.0.32106.194
MinimumVisualStudioVersion = 10.0.40219.1
Project("{FAE04EC0-301F-11D3-BF4B-00C04F79EFBC}") = "LoopsAndRandomNumbers", "LoopsAndRandomNumbers\LoopsAndRandomNumbers.csproj", "{73B006C9-F26C-4975-9900-BD1B75C68336}"
EndProject
Project("{FAE04EC0-301F-11D3-BF4B-00C04F79EFBC}") = "PINInfiniteLoop", "PINInfiniteLoop\PINInfiniteLoop.csproj", "{266E8115-7A21-4437-A365-BE825DBCD876}"
EndProject
Project("{FAE04EC0-301F-11D3-BF4B-00C04F79EFBC}") = "RandomNumber", "RandomNumber\RandomNumber.csproj", "{17793349-2099-4062-A18F-35EA08724F38}"
EndProject
Project("{FAE04EC0-301F-11D3-BF4B-00C04F79EFBC}") = "GuessingGameInfinite", "GuessingGameInfinite\GuessingGameInfinite.csproj", "{9AC1EC73-3E11-4EFE-813F-C06F9C8CF2E4}"
EndProject
Project("{FAE04EC0-301F-11D3-BF4B-00C04F79EFBC}") = "GuessingGameThreeTries", "GuessingGameThreeTries\GuessingGameThreeTries.csproj", "{26B4BDAA-4A7E-4F0B-833A-BD5D1DD6B34C}"
EndProject
Global
	GlobalSection(SolutionConfigurationPlatforms) = preSolution
		Debug|Any CPU = Debug|Any CPU
		Release|Any CPU = Release|Any CPU
	EndGlobalSection
	GlobalSection(ProjectConfigurationPlatforms) = postSolution
		{73B006C9-F26C-4975-9900-BD1B75C68336}.Debug|Any CPU.ActiveCfg = Debug|Any CPU
		{73B006C9-F26C-4975-9900-BD1B75C68336}.Debug|Any CPU.Build.0 = Debug|Any CPU
		{73B006C9-F26C-4975-9900-BD1B75C68336}.Release|Any CPU.ActiveCfg = Release|Any CPU
		{73B006C9-F26C-4975-9900-BD1B75C68336}.Release|Any CPU.Build.0 = Release|Any CPU
		{266E8115-7A21-4437-A365-BE825DBCD876}.Debug|Any CPU.ActiveCfg = Debug|Any CPU
		{266E8115-7A21-4437-A365-BE825DBCD876}.Debug|Any CPU.Build.0 = Debug|Any CPU
		{266E8115-7A21-4437-A365-BE825DBCD876}.Release|Any CPU.ActiveCfg = Release|Any CPU
		{266E8115-7A21-4437-A365-BE825DBCD876}.Release|Any CPU.Build.0 = Release|Any CPU
		{17793349-2099-4062-A18F-35EA08724F38}.Debug|Any CPU.ActiveCfg = Debug|Any CPU
		{17793349-2099-4062-A18F-35EA08724F38}.Debug|Any CPU.Build.0 = Debug|Any CPU
		{17793349-2099-4062-A18F-35EA08724F38}.Release|Any CPU.ActiveCfg = Release|Any CPU
		{17793349-2099-4062-A18F-35EA08724F38}.Release|Any CPU.Build.0 = Release|Any CPU
		{9AC1EC73-3E11-4EFE-813F-C06F9C8CF2E4}.Debug|Any CPU.ActiveCfg = Debug|Any CPU
		{9AC1EC73-3E11-4EFE-813F-C06F9C8CF2E4}.Debug|Any CPU.Build.0 = Debug|Any CPU
		{9AC1EC73-3E11-4EFE-813F-C06F9C8CF2E4}.Release|Any CPU.ActiveCfg = Release|Any CPU
		{9AC1EC73-3E11-4EFE-813F-C06F9C8CF2E4}.Release|Any CPU.Build.0 = Release|Any CPU
		{26B4BDAA-4A7E-4F0B-833A-BD5D1DD6B34C}.Debug|Any CPU.ActiveCfg = Debug|Any CPU
		{26B4BDAA-4A7E-4F0B-833A-BD5D1DD6B34C}.Debug|Any CPU.Build.0 = Debug|Any CPU
		{26B4BDAA-4A7E-4F0B-833A-BD5D1DD6B34C}.Release|Any CPU.ActiveCfg = Release|Any CPU
		{26B4BDAA-4A7E-4F0B-833A-BD5D1DD6B34C}.Release|Any CPU.Build.0 = Release|Any CPU
	EndGlobalSection
	GlobalSection(SolutionProperties) = preSolution
		HideSolutionNode = FALSE
	EndGlobalSection
	GlobalSection(ExtensibilityGlobals) = postSolution
		SolutionGuid = {AF8FBDA2-76A3-4BF2-A4E9-E34B849738B8}
	EndGlobalSection
EndGlobal
